
Microsoft Visual Studio Solution File, Format Version 11.00
# Visual Studio 2010
Project("{FAE04EC0-301F-11D3-BF4B-00C04F79EFBC}") = "GoogleMap", "GoogleMap\GoogleMap.csproj", "{D9558284-D02F-4C87-9B03-401A1CD03CAE}"
EndProject
Project("{E24C65DC-7377-472B-9ABA-BC803B73C61A}") = "GoogleMapTest", "GoogleMapTest\", "{5A6AA120-16D0-42FF-BE9B-38445E8C2371}"
	ProjectSection(WebsiteProperties) = preProject
		SccProjectName = ""
		SccAuxPath = ""
		SccLocalPath = ""
		SccProvider = ""
		TargetFrameworkMoniker = ".NETFramework,Version%3Dv4.0"
		ProjectReferences = "{D9558284-D02F-4C87-9B03-401A1CD03CAE}|GoogleMap.dll;"
		Debug.AspNetCompiler.VirtualPath = "/GoogleMapTest"
		Debug.AspNetCompiler.PhysicalPath = "GoogleMapTest\"
		Debug.AspNetCompiler.TargetPath = "PrecompiledWeb\GoogleMapTest\"
		Debug.AspNetCompiler.Updateable = "true"
		Debug.AspNetCompiler.ForceOverwrite = "true"
		Debug.AspNetCompiler.FixedNames = "false"
		Debug.AspNetCompiler.Debug = "True"
		Release.AspNetCompiler.VirtualPath = "/GoogleMapTest"
		Release.AspNetCompiler.PhysicalPath = "GoogleMapTest\"
		Release.AspNetCompiler.TargetPath = "PrecompiledWeb\GoogleMapTest\"
		Release.AspNetCompiler.Updateable = "true"
		Release.AspNetCompiler.ForceOverwrite = "true"
		Release.AspNetCompiler.FixedNames = "false"
		Release.AspNetCompiler.Debug = "False"
		VWDPort = "51500"
		DefaultWebSiteLanguage = "Visual C#"
	EndProjectSection
EndProject
Global
	GlobalSection(SolutionConfigurationPlatforms) = preSolution
		Debug|.NET = Debug|.NET
		Debug|Any CPU = Debug|Any CPU
		Debug|Mixed Platforms = Debug|Mixed Platforms
		Release|.NET = Release|.NET
		Release|Any CPU = Release|Any CPU
		Release|Mixed Platforms = Release|Mixed Platforms
	EndGlobalSection
	GlobalSection(ProjectConfigurationPlatforms) = postSolution
		{D9558284-D02F-4C87-9B03-401A1CD03CAE}.Debug|.NET.ActiveCfg = Debug|Any CPU
		{D9558284-D02F-4C87-9B03-401A1CD03CAE}.Debug|Any CPU.ActiveCfg = Debug|Any CPU
		{D9558284-D02F-4C87-9B03-401A1CD03CAE}.Debug|Any CPU.Build.0 = Debug|Any CPU
		{D9558284-D02F-4C87-9B03-401A1CD03CAE}.Debug|Mixed Platforms.ActiveCfg = Debug|Any CPU
		{D9558284-D02F-4C87-9B03-401A1CD03CAE}.Debug|Mixed Platforms.Build.0 = Debug|Any CPU
		{D9558284-D02F-4C87-9B03-401A1CD03CAE}.Release|.NET.ActiveCfg = Release|Any CPU
		{D9558284-D02F-4C87-9B03-401A1CD03CAE}.Release|Any CPU.ActiveCfg = Release|Any CPU
		{D9558284-D02F-4C87-9B03-401A1CD03CAE}.Release|Any CPU.Build.0 = Release|Any CPU
		{D9558284-D02F-4C87-9B03-401A1CD03CAE}.Release|Mixed Platforms.ActiveCfg = Release|Any CPU
		{D9558284-D02F-4C87-9B03-401A1CD03CAE}.Release|Mixed Platforms.Build.0 = Release|Any CPU
		{5A6AA120-16D0-42FF-BE9B-38445E8C2371}.Debug|.NET.ActiveCfg = Debug|Any CPU
		{5A6AA120-16D0-42FF-BE9B-38445E8C2371}.Debug|Any CPU.ActiveCfg = Debug|Any CPU
		{5A6AA120-16D0-42FF-BE9B-38445E8C2371}.Debug|Any CPU.Build.0 = Debug|Any CPU
		{5A6AA120-16D0-42FF-BE9B-38445E8C2371}.Debug|Mixed Platforms.ActiveCfg = Debug|Any CPU
		{5A6AA120-16D0-42FF-BE9B-38445E8C2371}.Debug|Mixed Platforms.Build.0 = Debug|Any CPU
		{5A6AA120-16D0-42FF-BE9B-38445E8C2371}.Release|.NET.ActiveCfg = Debug|Any CPU
		{5A6AA120-16D0-42FF-BE9B-38445E8C2371}.Release|Any CPU.ActiveCfg = Debug|Any CPU
		{5A6AA120-16D0-42FF-BE9B-38445E8C2371}.Release|Any CPU.Build.0 = Debug|Any CPU
		{5A6AA120-16D0-42FF-BE9B-38445E8C2371}.Release|Mixed Platforms.ActiveCfg = Debug|Any CPU
		{5A6AA120-16D0-42FF-BE9B-38445E8C2371}.Release|Mixed Platforms.Build.0 = Debug|Any CPU
	EndGlobalSection
	GlobalSection(SolutionProperties) = preSolution
		HideSolutionNode = FALSE
	EndGlobalSection
EndGlobal
